
Microsoft Visual Studio Solution File, Format Version 12.00
# Visual Studio Version 17
VisualStudioVersion = 17.5.33424.131
MinimumVisualStudioVersion = 10.0.40219.1
Project("{888888A0-9F3D-457C-B088-3A5042F75D52}") = "team_task", "team_task.pyproj", "{06B45D4A-65CF-4330-8A18-6E18FB2643D2}"
EndProject
Global
	GlobalSection(SolutionConfigurationPlatforms) = preSolution
		Debug|Any CPU = Debug|Any CPU
		Release|Any CPU = Release|Any CPU
	EndGlobalSection
	GlobalSection(ProjectConfigurationPlatforms) = postSolution
		{06B45D4A-65CF-4330-8A18-6E18FB2643D2}.Debug|Any CPU.ActiveCfg = Debug|Any CPU
		{06B45D4A-65CF-4330-8A18-6E18FB2643D2}.Release|Any CPU.ActiveCfg = Release|Any CPU
	EndGlobalSection
	GlobalSection(SolutionProperties) = preSolution
		HideSolutionNode = FALSE
	EndGlobalSection
	GlobalSection(ExtensibilityGlobals) = postSolution
		SolutionGuid = {47AA24D7-826A-4E80-83D1-3F94594F5D03}
	EndGlobalSection
EndGlobal
